
Microsoft Visual Studio Solution File, Format Version 12.00
# Visual Studio Version 17
VisualStudioVersion = 17.8.34525.116
MinimumVisualStudioVersion = 10.0.40219.1
Project("{FAE04EC0-301F-11D3-BF4B-00C04F79EFBC}") = "concept-long-running-task-api-call", "concept-long-running-task-api-call\concept-long-running-task-api-call.csproj", "{F23C7680-8FE5-4809-89DE-A15F7A226AA7}"
EndProject
Global
	GlobalSection(SolutionConfigurationPlatforms) = preSolution
		Debug|Any CPU = Debug|Any CPU
		Release|Any CPU = Release|Any CPU
	EndGlobalSection
	GlobalSection(ProjectConfigurationPlatforms) = postSolution
		{F23C7680-8FE5-4809-89DE-A15F7A226AA7}.Debug|Any CPU.ActiveCfg = Debug|Any CPU
		{F23C7680-8FE5-4809-89DE-A15F7A226AA7}.Debug|Any CPU.Build.0 = Debug|Any CPU
		{F23C7680-8FE5-4809-89DE-A15F7A226AA7}.Release|Any CPU.ActiveCfg = Release|Any CPU
		{F23C7680-8FE5-4809-89DE-A15F7A226AA7}.Release|Any CPU.Build.0 = Release|Any CPU
	EndGlobalSection
	GlobalSection(SolutionProperties) = preSolution
		HideSolutionNode = FALSE
	EndGlobalSection
	GlobalSection(ExtensibilityGlobals) = postSolution
		SolutionGuid = {D7CAEC86-A59B-4E20-96D9-4FAD954081BD}
	EndGlobalSection
EndGlobal
